
Microsoft Visual Studio Solution File, Format Version 12.00
Project("{FAE04EC0-301F-11D3-BF4B-00C04F79EFBC}") = "helloWorldPlatzi", "helloWorldPlatzi\helloWorldPlatzi.csproj", "{B56C4AC0-5FEB-4BD6-9BDF-5CB6D3B4C8B0}"
EndProject
Global
	GlobalSection(SolutionConfigurationPlatforms) = preSolution
		Debug|Any CPU = Debug|Any CPU
		Release|Any CPU = Release|Any CPU
	EndGlobalSection
	GlobalSection(ProjectConfigurationPlatforms) = postSolution
		{B56C4AC0-5FEB-4BD6-9BDF-5CB6D3B4C8B0}.Debug|Any CPU.ActiveCfg = Debug|Any CPU
		{B56C4AC0-5FEB-4BD6-9BDF-5CB6D3B4C8B0}.Debug|Any CPU.Build.0 = Debug|Any CPU
		{B56C4AC0-5FEB-4BD6-9BDF-5CB6D3B4C8B0}.Release|Any CPU.ActiveCfg = Release|Any CPU
		{B56C4AC0-5FEB-4BD6-9BDF-5CB6D3B4C8B0}.Release|Any CPU.Build.0 = Release|Any CPU
	EndGlobalSection
EndGlobal
